// !$*UTF8*$!
{
	archiveVersion = 1;
	classes = {
	};
	objectVersion = 46;
	objects = {

/* Begin PBXBuildFile section */
		243204461E4FFD350066740D /* AppDelegate.swift in Sources */ = {isa = PBXBuildFile; fileRef = 243204451E4FFD350066740D /* AppDelegate.swift */; };
		243204481E4FFD350066740D /* ViewController.swift in Sources */ = {isa = PBXBuildFile; fileRef = 243204471E4FFD350066740D /* ViewController.swift */; };
		2432044B1E4FFD350066740D /* Main.storyboard in Resources */ = {isa = PBXBuildFile; fileRef = 243204491E4FFD350066740D /* Main.storyboard */; };
		2432044E1E4FFD350066740D /* Rappi.xcdatamodeld in Sources */ = {isa = PBXBuildFile; fileRef = 2432044C1E4FFD350066740D /* Rappi.xcdatamodeld */; };
		243204501E4FFD350066740D /* Assets.xcassets in Resources */ = {isa = PBXBuildFile; fileRef = 2432044F1E4FFD350066740D /* Assets.xcassets */; };
		243204531E4FFD350066740D /* LaunchScreen.storyboard in Resources */ = {isa = PBXBuildFile; fileRef = 243204511E4FFD350066740D /* LaunchScreen.storyboard */; };
/* End PBXBuildFile section */

/* Begin PBXFileReference section */
		243204421E4FFD350066740D /* Rappi.app */ = {isa = PBXFileReference; explicitFileType = wrapper.application; includeInIndex = 0; path = Rappi.app; sourceTree = BUILT_PRODUCTS_DIR; };
		243204451E4FFD350066740D /* AppDelegate.swift */ = {isa = PBXFileReference; lastKnownFileType = sourcecode.swift; path = AppDelegate.swift; sourceTree = "<group>"; };
		243204471E4FFD350066740D /* ViewController.swift */ = {isa = PBXFileReference; lastKnownFileType = sourcecode.swift; path = ViewController.swift; sourceTree = "<group>"; };
		2432044A1E4FFD350066740D /* Base */ = {isa = PBXFileReference; lastKnownFileType = file.storyboard; name = Base; path = Base.lproj/Main.storyboard; sourceTree = "<group>"; };
		2432044D1E4FFD350066740D /* Rappi.xcdatamodel */ = {isa = PBXFileReference; lastKnownFileType = wrapper.xcdatamodel; path = Rappi.xcdatamodel; sourceTree = "<group>"; };
		2432044F1E4FFD350066740D /* Assets.xcassets */ = {isa = PBXFileReference; lastKnownFileType = folder.assetcatalog; path = Assets.xcassets; sourceTree = "<group>"; };
		243204521E4FFD350066740D /* Base */ = {isa = PBXFileReference; lastKnownFileType = file.storyboard; name = Base; path = Base.lproj/LaunchScreen.storyboard; sourceTree = "<group>"; };
		243204541E4FFD350066740D /* Info.plist */ = {isa = PBXFileReference; lastKnownFileType = text.plist.xml; path = Info.plist; sourceTree = "<group>"; };
/* End PBXFileReference section */

/* Begin PBXFrameworksBuildPhase section */
		2432043F1E4FFD350066740D /* Frameworks */ = {
			isa = PBXFrameworksBuildPhase;
			buildActionMask = 2147483647;
			files = (
			);
			runOnlyForDeploymentPostprocessing = 0;
		};
/* End PBXFrameworksBuildPhase section */

/* Begin PBXGroup section */
		243204391E4FFD350066740D = {
			isa = PBXGroup;
			children = (
				243204441E4FFD350066740D /* Rappi */,
				243204431E4FFD350066740D /* Products */,
			);
			sourceTree = "<group>";
		};
		243204431E4FFD350066740D /* Products */ = {
			isa = PBXGroup;
			children = (
				243204421E4FFD350066740D /* Rappi.app */,
			);
			name = Products;
			sourceTree = "<group>";
		};
		243204441E4FFD350066740D /* Rappi */ = {
			isa = PBXGroup;
			children = (
				243204451E4FFD350066740D /* AppDelegate.swift */,
				243204471E4FFD350066740D /* ViewController.swift */,
				243204491E4FFD350066740D /* Main.storyboard */,
				2432044F1E4FFD350066740D /* Assets.xcassets */,
				243204511E4FFD350066740D /* LaunchScreen.storyboard */,
				243204541E4FFD350066740D /* Info.plist */,
				2432044C1E4FFD350066740D /* Rappi.xcdatamodeld */,
			);
			path = Rappi;
			sourceTree = "<group>";
		};
/* End PBXGroup section */

/* Begin PBXNativeTarget section */
		243204411E4FFD350066740D /* Rappi */ = {
			isa = PBXNativeTarget;
			buildConfigurationList = 243204571E4FFD350066740D /* Build configuration list for PBXNativeTarget "Rappi" */;
			buildPhases = (
				2432043E1E4FFD350066740D /* Sources */,
				2432043F1E4FFD350066740D /* Frameworks */,
				243204401E4FFD350066740D /* Resources */,
			);
			buildRules = (
			);
			dependencies = (
			);
			name = Rappi;
			productName = Rappi;
			productReference = 243204421E4FFD350066740D /* Rappi.app */;
			productType = "com.apple.product-type.application";
		};
/* End PBXNativeTarget section */

/* Begin PBXProject section */
		2432043A1E4FFD350066740D /* Project object */ = {
			isa = PBXProject;
			attributes = {
				LastSwiftUpdateCheck = 0820;
				LastUpgradeCheck = 0820;
				ORGANIZATIONNAME = test;
				TargetAttributes = {
					243204411E4FFD350066740D = {
						CreatedOnToolsVersion = 8.2.1;
						DevelopmentTeam = 4FH368MT7V;
						ProvisioningStyle = Automatic;
					};
				};
			};
			buildConfigurationList = 2432043D1E4FFD350066740D /* Build configuration list for PBXProject "Rappi" */;
			compatibilityVersion = "Xcode 3.2";
			developmentRegion = English;
			hasScannedForEncodings = 0;
			knownRegions = (
				en,
				Base,
			);
			mainGroup = 243204391E4FFD350066740D;
			productRefGroup = 243204431E4FFD350066740D /* Products */;
			projectDirPath = "";
			projectRoot = "";
			targets = (
				243204411E4FFD350066740D /* Rappi */,
			);
		};
/* End PBXProject section */

/* Begin PBXResourcesBuildPhase section */
		243204401E4FFD350066740D /* Resources */ = {
			isa = PBXResourcesBuildPhase;
			buildActionMask = 2147483647;
			files = (
				243204531E4FFD350066740D /* LaunchScreen.storyboard in Resources */,
				243204501E4FFD350066740D /* Assets.xcassets in Resources */,
				2432044B1E4FFD350066740D /* Main.storyboard in Resources */,
			);
			runOnlyForDeploymentPostprocessing = 0;
		};
/* End PBXResourcesBuildPhase section */

/* Begin PBXSourcesBuildPhase section */
		2432043E1E4FFD350066740D /* Sources */ = {
			isa = PBXSourcesBuildPhase;
			buildActionMask = 2147483647;
			files = (
				243204481E4FFD350066740D /* ViewController.swift in Sources */,
				2432044E1E4FFD350066740D /* Rappi.xcdatamodeld in Sources */,
				243204461E4FFD350066740D /* AppDelegate.swift in Sources */,
			);
			runOnlyForDeploymentPostprocessing = 0;
		};
/* End PBXSourcesBuildPhase section */

/* Begin PBXVariantGroup section */
		243204491E4FFD350066740D /* Main.storyboard */ = {
			isa = PBXVariantGroup;
			children = (
				2432044A1E4FFD350066740D /* Base */,
			);
			name = Main.storyboard;
			sourceTree = "<group>";
		};
		243204511E4FFD350066740D /* LaunchScreen.storyboard */ = {
			isa = PBXVariantGroup;
			children = (
				243204521E4FFD350066740D /* Base */,
			);
			name = LaunchScreen.storyboard;
			sourceTree = "<group>";
		};
/* End PBXVariantGroup section */

/* Begin XCBuildConfiguration section */
		243204551E4FFD350066740D /* Debug */ = {
			isa = XCBuildConfiguration;
			buildSettings = {
				ALWAYS_SEARCH_USER_PATHS = NO;
				CLANG_ANALYZER_NONNULL = YES;
				CLANG_CXX_LANGUAGE_STANDARD = "gnu++0x";
				CLANG_CXX_LIBRARY = "libc++";
				CLANG_ENABLE_MODULES = YES;
				CLANG_ENABLE_OBJC_ARC = YES;
				CLANG_WARN_BOOL_CONVERSION = YES;
				CLANG_WARN_CONSTANT_CONVERSION = YES;
				CLANG_WARN_DIRECT_OBJC_ISA_USAGE = YES_ERROR;
				CLANG_WARN_DOCUMENTATION_COMMENTS = YES;
				CLANG_WARN_EMPTY_BODY = YES;
				CLANG_WARN_ENUM_CONVERSION = YES;
				CLANG_WARN_INFINITE_RECURSION = YES;
				CLANG_WARN_INT_CONVERSION = YES;
				CLANG_WARN_OBJC_ROOT_CLASS = YES_ERROR;
				CLANG_WARN_SUSPICIOUS_MOVE = YES;
				CLANG_WARN_UNREACHABLE_CODE = YES;
				CLANG_WARN__DUPLICATE_METHOD_MATCH = YES;
				"CODE_SIGN_IDENTITY[sdk=iphoneos*]" = "iPhone Developer";
				COPY_PHASE_STRIP = NO;
				DEBUG_INFORMATION_FORMAT = dwarf;
				ENABLE_STRICT_OBJC_MSGSEND = YES;
				ENABLE_TESTABILITY = YES;
				GCC_C_LANGUAGE_STANDARD = gnu99;
				GCC_DYNAMIC_NO_PIC = NO;
				GCC_NO_COMMON_BLOCKS = YES;
				GCC_OPTIMIZATION_LEVEL = 0;
				GCC_PREPROCESSOR_DEFINITIONS = (
					"DEBUG=1",
					"$(inherited)",
				);
				GCC_WARN_64_TO_32_BIT_CONVERSION = YES;
				GCC_WARN_ABOUT_RETURN_TYPE = YES_ERROR;
				GCC_WARN_UNDECLARED_SELECTOR = YES;
				GCC_WARN_UNINITIALIZED_AUTOS = YES_AGGRESSIVE;
				GCC_WARN_UNUSED_FUNCTION = YES;
				GCC_WARN_UNUSED_VARIABLE = YES;
				IPHONEOS_DEPLOYMENT_TARGET = 10.2;
				MTL_ENABLE_DEBUG_INFO = YES;
				ONLY_ACTIVE_ARCH = YES;
				SDKROOT = iphoneos;
				SWIFT_ACTIVE_COMPILATION_CONDITIONS = DEBUG;
				SWIFT_OPTIMIZATION_LEVEL = "-Onone";
				TARGETED_DEVICE_FAMILY = "1,2";
			};
			name = Debug;
		};
		243204561E4FFD350066740D /* Release */ = {
			isa = XCBuildConfiguration;
			buildSettings = {
				ALWAYS_SEARCH_USER_PATHS = NO;
				CLANG_ANALYZER_NONNULL = YES;
				CLANG_CXX_LANGUAGE_STANDARD = "gnu++0x";
				CLANG_CXX_LIBRARY = "libc++";
				CLANG_ENABLE_MODULES = YES;
				CLANG_ENABLE_OBJC_ARC = YES;
				CLANG_WARN_BOOL_CONVERSION = YES;
				CLANG_WARN_CONSTANT_CONVERSION = YES;
				CLANG_WARN_DIRECT_OBJC_ISA_USAGE = YES_ERROR;
				CLANG_WARN_DOCUMENTATION_COMMENTS = YES;
				CLANG_WARN_EMPTY_BODY = YES;
				CLANG_WARN_ENUM_CONVERSION = YES;
				CLANG_WARN_INFINITE_RECURSION = YES;
				CLANG_WARN_INT_CONVERSION = YES;
				CLANG_WARN_OBJC_ROOT_CLASS = YES_ERROR;
				CLANG_WARN_SUSPICIOUS_MOVE = YES;
				CLANG_WARN_UNREACHABLE_CODE = YES;
				CLANG_WARN__DUPLICATE_METHOD_MATCH = YES;
				"CODE_SIGN_IDENTITY[sdk=iphoneos*]" = "iPhone Developer";
				COPY_PHASE_STRIP = NO;
				DEBUG_INFORMATION_FORMAT = "dwarf-with-dsym";
				ENABLE_NS_ASSERTIONS = NO;
				ENABLE_STRICT_OBJC_MSGSEND = YES;
				GCC_C_LANGUAGE_STANDARD = gnu99;
				GCC_NO_COMMON_BLOCKS = YES;
				GCC_WARN_64_TO_32_BIT_CONVERSION = YES;
				GCC_WARN_ABOUT_RETURN_TYPE = YES_ERROR;
				GCC_WARN_UNDECLARED_SELECTOR = YES;
				GCC_WARN_UNINITIALIZED_AUTOS = YES_AGGRESSIVE;
				GCC_WARN_UNUSED_FUNCTION = YES;
				GCC_WARN_UNUSED_VARIABLE = YES;
				IPHONEOS_DEPLOYMENT_TARGET = 10.2;
				MTL_ENABLE_DEBUG_INFO = NO;
				SDKROOT = iphoneos;
				SWIFT_OPTIMIZATION_LEVEL = "-Owholemodule";
				TARGETED_DEVICE_FAMILY = "1,2";
				VALIDATE_PRODUCT = YES;
			};
			name = Release;
		};
		243204581E4FFD350066740D /* Debug */ = {
			isa = XCBuildConfiguration;
			buildSettings = {
				ASSETCATALOG_COMPILER_APPICON_NAME = AppIcon;
				DEVELOPMENT_TEAM = 4FH368MT7V;
				INFOPLIST_FILE = Rappi/Info.plist;
				LD_RUNPATH_SEARCH_PATHS = "$(inherited) @executable_path/Frameworks";
				PRODUCT_BUNDLE_IDENTIFIER = test.Rappi;
				PRODUCT_NAME = "$(TARGET_NAME)";
				SWIFT_VERSION = 3.0;
			};
			name = Debug;
		};
		243204591E4FFD350066740D /* Release */ = {
			isa = XCBuildConfiguration;
			buildSettings = {
				ASSETCATALOG_COMPILER_APPICON_NAME = AppIcon;
				DEVELOPMENT_TEAM = 4FH368MT7V;
				INFOPLIST_FILE = Rappi/Info.plist;
				LD_RUNPATH_SEARCH_PATHS = "$(inherited) @executable_path/Frameworks";
				PRODUCT_BUNDLE_IDENTIFIER = test.Rappi;
				PRODUCT_NAME = "$(TARGET_NAME)";
				SWIFT_VERSION = 3.0;
			};
			name = Release;
		};
/* End XCBuildConfiguration section */

/* Begin XCConfigurationList section */
		2432043D1E4FFD350066740D /* Build configuration list for PBXProject "Rappi" */ = {
			isa = XCConfigurationList;
			buildConfigurations = (
				243204551E4FFD350066740D /* Debug */,
				243204561E4FFD350066740D /* Release */,
			);
			defaultConfigurationIsVisible = 0;
			defaultConfigurationName = Release;
		};
		243204571E4FFD350066740D /* Build configuration list for PBXNativeTarget "Rappi" */ = {
			isa = XCConfigurationList;
			buildConfigurations = (
				243204581E4FFD350066740D /* Debug */,
				243204591E4FFD350066740D /* Release */,
			);
			defaultConfigurationIsVisible = 0;
		};
/* End XCConfigurationList section */

/* Begin XCVersionGroup section */
		2432044C1E4FFD350066740D /* Rappi.xcdatamodeld */ = {
			isa = XCVersionGroup;
			children = (
				2432044D1E4FFD350066740D /* Rappi.xcdatamodel */,
			);
			currentVersion = 2432044D1E4FFD350066740D /* Rappi.xcdatamodel */;
			path = Rappi.xcdatamodeld;
			sourceTree = "<group>";
			versionGroupType = wrapper.xcdatamodel;
		};
/* End XCVersionGroup section */
	};
	rootObject = 2432043A1E4FFD350066740D /* Project object */;
}
